
Microsoft Visual Studio Solution File, Format Version 12.00
# Visual Studio 15
VisualStudioVersion = 15.0.28307.1585
MinimumVisualStudioVersion = 10.0.40219.1
Project("{FAE04EC0-301F-11D3-BF4B-00C04F79EFBC}") = "Client", "Client\Client.csproj", "{0F73B3AA-2313-4723-BA72-08ABA64733BA}"
EndProject
Project("{FAE04EC0-301F-11D3-BF4B-00C04F79EFBC}") = "Server", "Server\Server.csproj", "{3A7701B0-A70E-4C65-87D8-B69B7B66F054}"
EndProject
Global
	GlobalSection(SolutionConfigurationPlatforms) = preSolution
		Debug|Any CPU = Debug|Any CPU
		Release|Any CPU = Release|Any CPU
	EndGlobalSection
	GlobalSection(ProjectConfigurationPlatforms) = postSolution
		{0F73B3AA-2313-4723-BA72-08ABA64733BA}.Debug|Any CPU.ActiveCfg = Debug|Any CPU
		{0F73B3AA-2313-4723-BA72-08ABA64733BA}.Debug|Any CPU.Build.0 = Debug|Any CPU
		{0F73B3AA-2313-4723-BA72-08ABA64733BA}.Release|Any CPU.ActiveCfg = Release|Any CPU
		{0F73B3AA-2313-4723-BA72-08ABA64733BA}.Release|Any CPU.Build.0 = Release|Any CPU
		{3A7701B0-A70E-4C65-87D8-B69B7B66F054}.Debug|Any CPU.ActiveCfg = Debug|Any CPU
		{3A7701B0-A70E-4C65-87D8-B69B7B66F054}.Debug|Any CPU.Build.0 = Debug|Any CPU
		{3A7701B0-A70E-4C65-87D8-B69B7B66F054}.Release|Any CPU.ActiveCfg = Release|Any CPU
		{3A7701B0-A70E-4C65-87D8-B69B7B66F054}.Release|Any CPU.Build.0 = Release|Any CPU
	EndGlobalSection
	GlobalSection(SolutionProperties) = preSolution
		HideSolutionNode = FALSE
	EndGlobalSection
	GlobalSection(ExtensibilityGlobals) = postSolution
		SolutionGuid = {6B9720CD-0563-4877-80C9-35306868761D}
	EndGlobalSection
EndGlobal
